
Microsoft Visual Studio Solution File, Format Version 12.00
# Visual Studio Version 17
VisualStudioVersion = 17.3.32811.315
MinimumVisualStudioVersion = 10.0.40219.1
Project("{9A19103F-16F7-4668-BE54-9A1E7A4F7556}") = "AutoShops", "AutoShops\AutoShops.csproj", "{5710F9BA-C1BC-4796-BB40-9140E4BEC106}"
EndProject
Project("{9A19103F-16F7-4668-BE54-9A1E7A4F7556}") = "TextLenght", "..\TextLenght\TextLenght\TextLenght.csproj", "{0112AAF4-91F0-435C-8C2C-BD499F1C8E9A}"
	ProjectSection(ProjectDependencies) = postProject
		{5710F9BA-C1BC-4796-BB40-9140E4BEC106} = {5710F9BA-C1BC-4796-BB40-9140E4BEC106}
	EndProjectSection
EndProject
Global
	GlobalSection(SolutionConfigurationPlatforms) = preSolution
		Debug|Any CPU = Debug|Any CPU
		Release|Any CPU = Release|Any CPU
	EndGlobalSection
	GlobalSection(ProjectConfigurationPlatforms) = postSolution
		{5710F9BA-C1BC-4796-BB40-9140E4BEC106}.Debug|Any CPU.ActiveCfg = Debug|Any CPU
		{5710F9BA-C1BC-4796-BB40-9140E4BEC106}.Debug|Any CPU.Build.0 = Debug|Any CPU
		{5710F9BA-C1BC-4796-BB40-9140E4BEC106}.Release|Any CPU.ActiveCfg = Release|Any CPU
		{5710F9BA-C1BC-4796-BB40-9140E4BEC106}.Release|Any CPU.Build.0 = Release|Any CPU
		{0112AAF4-91F0-435C-8C2C-BD499F1C8E9A}.Debug|Any CPU.ActiveCfg = Debug|Any CPU
		{0112AAF4-91F0-435C-8C2C-BD499F1C8E9A}.Debug|Any CPU.Build.0 = Debug|Any CPU
		{0112AAF4-91F0-435C-8C2C-BD499F1C8E9A}.Release|Any CPU.ActiveCfg = Release|Any CPU
		{0112AAF4-91F0-435C-8C2C-BD499F1C8E9A}.Release|Any CPU.Build.0 = Release|Any CPU
	EndGlobalSection
	GlobalSection(SolutionProperties) = preSolution
		HideSolutionNode = FALSE
	EndGlobalSection
	GlobalSection(ExtensibilityGlobals) = postSolution
		SolutionGuid = {F69E5E09-F4D0-4730-9CC0-524906A5AD35}
	EndGlobalSection
EndGlobal
